[[package]]
name = "aiohttp"
version = "3.7.4.post0"
description = "Async http client/server framework (asyncio)"
category = "main"
optional = false
python-versions = ">=3.6"

[package.dependencies]
async_timeout = ">=3.0,<4.0"
attrs = ">=17.3.0"
chardet = ">=2.0,<5.0"
idna-ssl = {version = ">=1.0", markers = "python_version < \"3.7\""}
multidict = ">=4.5,<7.0"
typing_extensions = ">=3.6.5"
yarl = ">=1.0,<2.0"

[package.extras]
speedups = ["aiodns", "brotlipy", "cchardet"]

[package.source]
type = "legacy"
url = "https://pypi.org/project"
reference = "pypi_with_cert"

[[package]]
name = "async-timeout"
version = "3.0.1"
description = "Timeout context manager for asyncio programs"
category = "main"
optional = false
python-versions = ">=3.5.3"

[package.source]
type = "legacy"
url = "https://pypi.org/project"
reference = "pypi_with_cert"

[[package]]
name = "attrs"
version = "21.2.0"
description = "Classes Without Boilerplate"
category = "main"
optional = false
python-versions = ">=2.7, !=3.0.*, !=3.1.*, !=3.2.*, !=3.3.*, !=3.4.*"

[package.extras]
dev = ["coverage[toml] (>=5.0.2)", "hypothesis", "pympler", "pytest (>=4.3.0)", "six", "mypy", "pytest-mypy-plugins", "zope.interface", "furo", "sphinx", "sphinx-notfound-page", "pre-commit"]
docs = ["furo", "sphinx", "zope.interface", "sphinx-notfound-page"]
tests = ["coverage[toml] (>=5.0.2)", "hypothesis", "pympler", "pytest (>=4.3.0)", "six", "mypy", "pytest-mypy-plugins", "zope.interface"]
tests_no_zope = ["coverage[toml] (>=5.0.2)", "hypothesis", "pympler", "pytest (>=4.3.0)", "six", "mypy", "pytest-mypy-plugins"]

[package.source]
type = "legacy"
url = "https://pypi.org/project"
reference = "pypi_with_cert"

[[package]]
name = "chardet"
version = "4.0.0"
description = "Universal encoding detector for Python 2 and 3"
category = "main"
optional = false
python-versions = ">=2.7, !=3.0.*, !=3.1.*, !=3.2.*, !=3.3.*, !=3.4.*"

[package.source]
type = "legacy"
url = "https://pypi.org/project"
reference = "pypi_with_cert"

[[package]]
name = "colorama"
version = "0.4.4"
description = "Cross-platform colored terminal text."
category = "main"
optional = false
python-versions = ">=2.7, !=3.0.*, !=3.1.*, !=3.2.*, !=3.3.*, !=3.4.*"

[package.source]
type = "legacy"
url = "https://pypi.org/project"
reference = "pypi_with_cert"

[[package]]
name = "colorlog"
version = "5.0.1"
description = "Add colours to the output of Python's logging module."
category = "main"
optional = false
python-versions = "*"

[package.dependencies]
colorama = {version = "*", markers = "sys_platform == \"win32\""}

[package.source]
type = "legacy"
url = "https://pypi.org/project"
reference = "pypi_with_cert"

[[package]]
name = "idna"
version = "3.2"
description = "Internationalized Domain Names in Applications (IDNA)"
category = "main"
optional = false
python-versions = ">=3.5"

[package.source]
type = "legacy"
url = "https://pypi.org/project"
reference = "pypi_with_cert"

[[package]]
name = "idna-ssl"
version = "1.1.0"
description = "Patch ssl.match_hostname for Unicode(idna) domains support"
category = "main"
optional = false
python-versions = "*"

[package.dependencies]
idna = ">=2.0"

[package.source]
type = "legacy"
url = "https://pypi.org/project"
reference = "pypi_with_cert"

[[package]]
name = "multidict"
version = "5.1.0"
description = "multidict implementation"
category = "main"
optional = false
python-versions = ">=3.6"

[package.source]
type = "legacy"
url = "https://pypi.org/project"
reference = "pypi_with_cert"

[[package]]
name = "pillow"
version = "8.3.1"
description = "Python Imaging Library (Fork)"
category = "main"
optional = false
python-versions = ">=3.6"

[package.source]
type = "legacy"
url = "https://pypi.org/project"
reference = "pypi_with_cert"

[[package]]
name = "pycryptodome"
version = "3.10.1"
description = "Cryptographic library for Python"
category = "main"
optional = false
python-versions = ">=2.7, !=3.0.*, !=3.1.*, !=3.2.*, !=3.3.*, !=3.4.*"

[package.source]
type = "legacy"
url = "https://pypi.org/project"
reference = "pypi_with_cert"

[[package]]
name = "pyobjc-core"
version = "7.3"
description = "Python<->ObjC Interoperability Module"
category = "main"
optional = false
python-versions = ">=3.6"

[package.source]
type = "legacy"
url = "https://pypi.org/project"
reference = "pypi_with_cert"

[[package]]
name = "pyobjc-framework-cocoa"
version = "7.3"
description = "Wrappers for the Cocoa frameworks on macOS"
category = "main"
optional = false
python-versions = ">=3.6"

[package.dependencies]
pyobjc-core = ">=7.3"

[package.source]
type = "legacy"
url = "https://pypi.org/project"
reference = "pypi_with_cert"

[[package]]
name = "pyobjc-framework-quartz"
version = "7.3"
description = "Wrappers for the Quartz frameworks on macOS"
category = "main"
optional = false
python-versions = ">=3.6"

[package.dependencies]
pyobjc-core = ">=7.3"
pyobjc-framework-Cocoa = ">=7.3"

[package.source]
type = "legacy"
url = "https://pypi.org/project"
reference = "pypi_with_cert"

[[package]]
name = "pyperclip"
version = "1.8.2"
description = "A cross-platform clipboard module for Python. (Only handles plain text for now.)"
category = "main"
optional = false
python-versions = "*"

[package.source]
type = "legacy"
url = "https://pypi.org/project"
reference = "pypi_with_cert"

[[package]]
name = "pystray"
version = "0.17.3"
description = "Provides systray integration"
category = "main"
optional = false
python-versions = "*"

[package.dependencies]
Pillow = "*"
pyobjc-framework-Quartz = {version = ">=7.0", markers = "sys_platform == \"darwin\""}
python-xlib = {version = ">=0.17", markers = "sys_platform == \"linux\""}
six = "*"

[package.source]
type = "legacy"
url = "https://pypi.org/project"
reference = "pypi_with_cert"

[[package]]
name = "python-xlib"
version = "0.31"
description = "Python X Library"
category = "main"
optional = false
python-versions = "*"

[package.dependencies]
six = ">=1.10.0"

[package.source]
type = "legacy"
url = "https://pypi.org/project"
reference = "pypi_with_cert"

[[package]]
name = "six"
version = "1.16.0"
description = "Python 2 and 3 compatibility utilities"
category = "main"
optional = false
python-versions = ">=2.7, !=3.0.*, !=3.1.*, !=3.2.*"

[package.source]
type = "legacy"
url = "https://pypi.org/project"
reference = "pypi_with_cert"

[[package]]
name = "typing-extensions"
version = "3.10.0.0"
description = "Backported and Experimental Type Hints for Python 3.5+"
category = "main"
optional = false
python-versions = "*"

[package.source]
type = "legacy"
url = "https://pypi.org/project"
reference = "pypi_with_cert"

[[package]]
name = "websockets"
version = "9.1"
description = "An implementation of the WebSocket Protocol (RFC 6455 & 7692)"
category = "main"
optional = false
python-versions = ">=3.6.1"

[package.source]
type = "legacy"
url = "https://pypi.org/project"
reference = "pypi_with_cert"

[[package]]
name = "yarl"
version = "1.6.3"
description = "Yet another URL library"
category = "main"
optional = false
python-versions = ">=3.6"

[package.dependencies]
idna = ">=2.0"
multidict = ">=4.0"
typing_extensions = {version = ">=3.7.4", markers = "python_version < \"3.8\""}

[package.source]
type = "legacy"
url = "https://pypi.org/project"
reference = "pypi_with_cert"

[metadata]
lock-version = "1.1"
python-versions = "^3.6.1"
content-hash = "fb02fbbd96ef658d04d0ff2430fe0872be3bb1d6506ea7120117081b1414af2c"

[metadata.files]
aiohttp = []
async-timeout = []
attrs = []
chardet = []
colorama = []
colorlog = []
idna = []
idna-ssl = []
multidict = []
pillow = []
pycryptodome = []
pyobjc-core = []
pyobjc-framework-cocoa = []
pyobjc-framework-quartz = []
pyperclip = []
pystray = []
python-xlib = []
six = []
typing-extensions = []
websockets = []
yarl = []
